
Microsoft Visual Studio Solution File, Format Version 12.00
# Visual Studio Version 16
VisualStudioVersion = 16.0.31205.134
MinimumVisualStudioVersion = 10.0.40219.1
Project("{F184B08F-C81C-45F6-A57F-5ABD9991F28F}") = "VBExercises", "VBExercises\VBExercises.vbproj", "{4162DEC3-3501-4BAB-90CF-940C6FB65CBD}"
EndProject
Global
	GlobalSection(SolutionConfigurationPlatforms) = preSolution
		Debug|Any CPU = Debug|Any CPU
		Release|Any CPU = Release|Any CPU
	EndGlobalSection
	GlobalSection(ProjectConfigurationPlatforms) = postSolution
		{4162DEC3-3501-4BAB-90CF-940C6FB65CBD}.Debug|Any CPU.ActiveCfg = Debug|Any CPU
		{4162DEC3-3501-4BAB-90CF-940C6FB65CBD}.Debug|Any CPU.Build.0 = Debug|Any CPU
		{4162DEC3-3501-4BAB-90CF-940C6FB65CBD}.Release|Any CPU.ActiveCfg = Release|Any CPU
		{4162DEC3-3501-4BAB-90CF-940C6FB65CBD}.Release|Any CPU.Build.0 = Release|Any CPU
	EndGlobalSection
	GlobalSection(SolutionProperties) = preSolution
		HideSolutionNode = FALSE
	EndGlobalSection
	GlobalSection(ExtensibilityGlobals) = postSolution
		SolutionGuid = {D8E04897-7249-4357-9531-5B88E00AE6FF}
	EndGlobalSection
EndGlobal
